<?xml version="1.0" encoding="utf-8"?>
<Project ToolsVersion="4.0" xmlns="http://schemas.microsoft.com/developer/msbuild/2003">
  <ItemGroup>
    <Filter Include="ソース ファイル">
      <UniqueIdentifier>{4FC737F1-C7A5-4376-A066-2A32D752A2FF}</UniqueIdentifier>
      <Extensions>cpp;c;cc;cxx;def;odl;idl;hpj;bat;asm;asmx</Extensions>
    </Filter>
    <Filter Include="ヘッダー ファイル">
      <UniqueIdentifier>{93995380-89BD-4b04-88EB-625FBE52EBFB}</UniqueIdentifier>
      <Extensions>h;hh;hpp;hxx;hm;inl;inc;ipp;xsd</Extensions>
    </Filter>
    <Filter Include="リソース ファイル">
      <UniqueIdentifier>{67DA6AB6-F800-4c08-8B7A-83BB121AAD01}</UniqueIdentifier>
      <Extensions>rc;ico;cur;bmp;dlg;rc2;rct;bin;rgs;gif;jpg;jpeg;jpe;resx;tiff;tif;png;wav;mfcribbon-ms</Extensions>
    </Filter>
    <Filter Include="ソース ファイル\Utility">
      <UniqueIdentifier>{c70734f5-629d-4440-9b86-1d9dc7b47477}</UniqueIdentifier>
    </Filter>
    <Filter Include="ヘッダー ファイル\Utility">
      <UniqueIdentifier>{7d8afb52-ab33-4564-8d43-d8ceaa3973a8}</UniqueIdentifier>
    </Filter>
    <Filter Include="ソース ファイル\Application">
      <UniqueIdentifier>{39b190ec-073c-4ea9-af30-237f63d2bccd}</UniqueIdentifier>
    </Filter>
    <Filter Include="ヘッダー ファイル\Application">
      <UniqueIdentifier>{06122cd0-dd73-450e-95a8-48f76a6a02a3}</UniqueIdentifier>
    </Filter>
    <Filter Include="ソース ファイル\Game">
      <UniqueIdentifier>{c1f17992-3757-4c85-b4f6-70137d00b3eb}</UniqueIdentifier>
    </Filter>
    <Filter Include="ヘッダー ファイル\Game">
      <UniqueIdentifier>{7573b445-c381-44a9-8211-e811c0b55be4}</UniqueIdentifier>
    </Filter>
    <Filter Include="ソース ファイル\Scene">
      <UniqueIdentifier>{be270fd1-2cae-4dac-9d01-4c66b9c98905}</UniqueIdentifier>
    </Filter>
    <Filter Include="ヘッダー ファイル\Scene">
      <UniqueIdentifier>{ff827296-9e47-43b4-9b34-e1a304d4f3c1}</UniqueIdentifier>
    </Filter>
    <Filter Include="ソース ファイル\Stage">
      <UniqueIdentifier>{d6d6fb15-77ca-43f7-9df5-fdcc19409862}</UniqueIdentifier>
    </Filter>
    <Filter Include="ヘッダー ファイル\Stage">
      <UniqueIdentifier>{94f3fc32-3ee8-4dbd-9ec1-4cd4015d88d6}</UniqueIdentifier>
    </Filter>
    <Filter Include="ソース ファイル\Actor">
      <UniqueIdentifier>{27b7af9a-650a-479c-b877-f4e7685699b7}</UniqueIdentifier>
    </Filter>
    <Filter Include="ヘッダー ファイル\Actor">
      <UniqueIdentifier>{16fb61dc-ee33-4d90-9dc1-bbfb85d81621}</UniqueIdentifier>
    </Filter>
    <Filter Include="ソース ファイル\Bullet">
      <UniqueIdentifier>{9e64420f-8482-4796-9154-d4208feaaaee}</UniqueIdentifier>
    </Filter>
    <Filter Include="ヘッダー ファイル\Bullet">
      <UniqueIdentifier>{77233723-a821-4d3d-ac07-b4fce555ee0f}</UniqueIdentifier>
    </Filter>
    <Filter Include="ソース ファイル\Weapon">
      <UniqueIdentifier>{c60f3b14-d75b-430d-be1a-2a721568d9d1}</UniqueIdentifier>
    </Filter>
    <Filter Include="ヘッダー ファイル\Weapon">
      <UniqueIdentifier>{d0be0468-1cf9-4503-9806-f53a30ff76d9}</UniqueIdentifier>
    </Filter>
    <Filter Include="ソース ファイル\Event">
      <UniqueIdentifier>{80f753c9-2f3f-4319-bdde-fd1609d2d7da}</UniqueIdentifier>
    </Filter>
    <Filter Include="ヘッダー ファイル\Event">
      <UniqueIdentifier>{c83bd67e-67b0-4eec-9cbd-735972b15b02}</UniqueIdentifier>
    </Filter>
    <Filter Include="ソース ファイル\ActorState">
      <UniqueIdentifier>{8ac0ac0d-261a-4a76-9473-3dec4b86d216}</UniqueIdentifier>
    </Filter>
    <Filter Include="ヘッダー ファイル\ActorState">
      <UniqueIdentifier>{d932c233-e047-4dd3-b991-225630a0e3c6}</UniqueIdentifier>
    </Filter>
    <Filter Include="ソース ファイル\Effect">
      <UniqueIdentifier>{bcfd6a40-594d-4bae-af48-6737533f531b}</UniqueIdentifier>
    </Filter>
    <Filter Include="ヘッダー ファイル\Effect">
      <UniqueIdentifier>{8c47fcbb-6e71-4378-af47-1fb21ffb9197}</UniqueIdentifier>
    </Filter>
    <Filter Include="ソース ファイル\Select">
      <UniqueIdentifier>{3fd01a39-4abb-4434-b307-590b2706be77}</UniqueIdentifier>
    </Filter>
    <Filter Include="ヘッダー ファイル\Select">
      <UniqueIdentifier>{6c5796db-56ad-49b9-840a-a7baf24e5e2f}</UniqueIdentifier>
    </Filter>
    <Filter Include="ヘッダー ファイル\Actor\Enemy">
      <UniqueIdentifier>{c770f137-2ce9-4291-83cc-65ebaa8dcedd}</UniqueIdentifier>
    </Filter>
    <Filter Include="ソース ファイル\Actor\Enemy">
      <UniqueIdentifier>{c25559cc-504c-4488-8f01-c9b33b8e65af}</UniqueIdentifier>
    </Filter>
  </ItemGroup>
  <ItemGroup>
    <ClCompile Include="Utility\Graphics.cpp">
      <Filter>ソース ファイル\Utility</Filter>
    </ClCompile>
    <ClCompile Include="Utility\Line.cpp">
      <Filter>ソース ファイル\Utility</Filter>
    </ClCompile>
    <ClCompile Include="Utility\Rectangle.cpp">
      <Filter>ソース ファイル\Utility</Filter>
    </ClCompile>
    <ClCompile Include="Utility\Vector2.cpp">
      <Filter>ソース ファイル\Utility</Filter>
    </ClCompile>
    <ClCompile Include="Utility\Circle.cpp">
      <Filter>ソース ファイル\Utility</Filter>
    </ClCompile>
    <ClCompile Include="Utility\Color.cpp">
      <Filter>ソース ファイル\Utility</Filter>
    </ClCompile>
    <ClCompile Include="Application\Application.cpp">
      <Filter>ソース ファイル\Application</Filter>
    </ClCompile>
    <ClCompile Include="Application\Camera.cpp">
      <Filter>ソース ファイル\Application</Filter>
    </ClCompile>
    <ClCompile Include="Application\GamePad.cpp">
      <Filter>ソース ファイル\Application</Filter>
    </ClCompile>
    <ClCompile Include="Game\Game.cpp">
      <Filter>ソース ファイル\Game</Filter>
    </ClCompile>
    <ClCompile Include="Application\Texture.cpp">
      <Filter>ソース ファイル\Application</Filter>
    </ClCompile>
    <ClCompile Include="Application\SoundBuffer.cpp">
      <Filter>ソース ファイル\Application</Filter>
    </ClCompile>
    <ClCompile Include="Scene\SceneOver.cpp">
      <Filter>ソース ファイル\Scene</Filter>
    </ClCompile>
    <ClCompile Include="Scene\SceneResult.cpp">
      <Filter>ソース ファイル\Scene</Filter>
    </ClCompile>
    <ClCompile Include="Scene\SceneSelect.cpp">
      <Filter>ソース ファイル\Scene</Filter>
    </ClCompile>
    <ClCompile Include="Scene\SceneTitle.cpp">
      <Filter>ソース ファイル\Scene</Filter>
    </ClCompile>
    <ClCompile Include="Scene\Scene.cpp">
      <Filter>ソース ファイル\Scene</Filter>
    </ClCompile>
    <ClCompile Include="Scene\SceneClear.cpp">
      <Filter>ソース ファイル\Scene</Filter>
    </ClCompile>
    <ClCompile Include="Scene\SceneGame.cpp">
      <Filter>ソース ファイル\Scene</Filter>
    </ClCompile>
    <ClCompile Include="Application\main.cpp">
      <Filter>ソース ファイル\Application</Filter>
    </ClCompile>
    <ClCompile Include="Game\ResourceManager.cpp">
      <Filter>ソース ファイル\Game</Filter>
    </ClCompile>
    <ClCompile Include="Stage\Stage.cpp">
      <Filter>ソース ファイル\Stage</Filter>
    </ClCompile>
    <ClCompile Include="Application\Animation.cpp">
      <Filter>ソース ファイル\Application</Filter>
    </ClCompile>
    <ClCompile Include="Actor\Actor.cpp">
      <Filter>ソース ファイル\Actor</Filter>
    </ClCompile>
    <ClCompile Include="Actor\Player.cpp">
      <Filter>ソース ファイル\Actor</Filter>
    </ClCompile>
    <ClCompile Include="Bullet\Bullet.cpp">
      <Filter>ソース ファイル\Bullet</Filter>
    </ClCompile>
    <ClCompile Include="Game\Object.cpp">
      <Filter>ソース ファイル\Game</Filter>
    </ClCompile>
    <ClCompile Include="Bullet\BulletFactory.cpp">
      <Filter>ソース ファイル\Bullet</Filter>
    </ClCompile>
    <ClCompile Include="Weapon\Weapon.cpp">
      <Filter>ソース ファイル\Weapon</Filter>
    </ClCompile>
    <ClCompile Include="Bullet\Bomb.cpp">
      <Filter>ソース ファイル\Bullet</Filter>
    </ClCompile>
    <ClCompile Include="Weapon\NormalGun.cpp">
      <Filter>ソース ファイル\Weapon</Filter>
    </ClCompile>
    <ClCompile Include="Event\EventMessenger.cpp">
      <Filter>ソース ファイル\Event</Filter>
    </ClCompile>
    <ClCompile Include="Event\EventListener.cpp">
      <Filter>ソース ファイル\Event</Filter>
    </ClCompile>
    <ClCompile Include="Event\Event.cpp">
      <Filter>ソース ファイル\Event</Filter>
    </ClCompile>
    <ClCompile Include="Bullet\BulletManager.cpp">
      <Filter>ソース ファイル\Bullet</Filter>
    </ClCompile>
    <ClCompile Include="Game\SoundManager.cpp">
      <Filter>ソース ファイル\Game</Filter>
    </ClCompile>
    <ClCompile Include="ActorState\ActorState.cpp">
      <Filter>ソース ファイル\ActorState</Filter>
    </ClCompile>
    <ClCompile Include="ActorState\Motion.cpp">
      <Filter>ソース ファイル\ActorState</Filter>
    </ClCompile>
    <ClCompile Include="Effect\Effect.cpp">
      <Filter>ソース ファイル\Effect</Filter>
    </ClCompile>
    <ClCompile Include="Effect\EffectManager.cpp">
      <Filter>ソース ファイル\Effect</Filter>
    </ClCompile>
    <ClCompile Include="Weapon\CircleGun.cpp">
      <Filter>ソース ファイル\Weapon</Filter>
    </ClCompile>
    <ClCompile Include="Weapon\ThreeWayGun.cpp">
      <Filter>ソース ファイル\Weapon</Filter>
    </ClCompile>
    <ClCompile Include="Weapon\RandomGun.cpp">
      <Filter>ソース ファイル\Weapon</Filter>
    </ClCompile>
    <ClCompile Include="Weapon\Mine.cpp">
      <Filter>ソース ファイル\Weapon</Filter>
    </ClCompile>
    <ClCompile Include="ActorState\HitPoint.cpp">
      <Filter>ソース ファイル\ActorState</Filter>
    </ClCompile>
    <ClCompile Include="ActorState\WeaponEnergy.cpp">
      <Filter>ソース ファイル\ActorState</Filter>
    </ClCompile>
    <ClCompile Include="Bullet\Beam.cpp">
      <Filter>ソース ファイル\Bullet</Filter>
    </ClCompile>
    <ClCompile Include="Game\SystemSound.cpp">
      <Filter>ソース ファイル\Game</Filter>
    </ClCompile>
    <ClCompile Include="Select\StageSelect.cpp">
      <Filter>ソース ファイル\Select</Filter>
    </ClCompile>
    <ClCompile Include="Select\CharaSelect.cpp">
      <Filter>ソース ファイル\Select</Filter>
    </ClCompile>
    <ClCompile Include="Select\SelectLogo.cpp">
      <Filter>ソース ファイル\Select</Filter>
    </ClCompile>
    <ClCompile Include="Select\SelectCursor.cpp">
      <Filter>ソース ファイル\Select</Filter>
    </ClCompile>
    <ClCompile Include="Select\Icon.cpp">
      <Filter>ソース ファイル\Select</Filter>
    </ClCompile>
    <ClCompile Include="Game\GameStart.cpp">
      <Filter>ソース ファイル\Game</Filter>
    </ClCompile>
    <ClCompile Include="Bullet\HomingBullet.cpp">
      <Filter>ソース ファイル\Bullet</Filter>
    </ClCompile>
    <ClCompile Include="Bullet\ThroughBullet.cpp">
      <Filter>ソース ファイル\Bullet</Filter>
    </ClCompile>
    <ClCompile Include="Bullet\Boomerang.cpp">
      <Filter>ソース ファイル\Bullet</Filter>
    </ClCompile>
    <ClCompile Include="Actor\PlayerWhite.cpp">
      <Filter>ソース ファイル\Actor</Filter>
    </ClCompile>
    <ClCompile Include="Actor\PlayerBlack.cpp">
      <Filter>ソース ファイル\Actor</Filter>
    </ClCompile>
    <ClCompile Include="Actor\PlayerPurple.cpp">
      <Filter>ソース ファイル\Actor</Filter>
    </ClCompile>
    <ClCompile Include="Actor\PlayerBlue.cpp">
      <Filter>ソース ファイル\Actor</Filter>
    </ClCompile>
    <ClCompile Include="Actor\Enemy.cpp">
      <Filter>ソース ファイル\Actor\Enemy</Filter>
    </ClCompile>
    <ClCompile Include="Actor\EnemyCrown.cpp">
      <Filter>ソース ファイル\Actor\Enemy</Filter>
    </ClCompile>
    <ClCompile Include="Actor\EnemyFactory.cpp">
      <Filter>ソース ファイル\Actor\Enemy</Filter>
    </ClCompile>
    <ClCompile Include="Actor\EnemyYellowHat.cpp">
      <Filter>ソース ファイル\Actor\Enemy</Filter>
    </ClCompile>
    <ClCompile Include="Actor\EnemyPurpleHat.cpp">
      <Filter>ソース ファイル\Actor\Enemy</Filter>
    </ClCompile>
    <ClCompile Include="Actor\EnemyBlackHat.cpp">
      <Filter>ソース ファイル\Actor\Enemy</Filter>
    </ClCompile>
    <ClCompile Include="Actor\EnemyBlueHat.cpp">
      <Filter>ソース ファイル\Actor\Enemy</Filter>
    </ClCompile>
    <ClCompile Include="Game\Score.cpp">
      <Filter>ソース ファイル\Game</Filter>
    </ClCompile>
    <ClCompile Include="Scene\SceneLoad.cpp">
      <Filter>ソース ファイル\Scene</Filter>
    </ClCompile>
    <ClCompile Include="Actor\EnemySkeleton.cpp">
      <Filter>ソース ファイル\Actor\Enemy</Filter>
    </ClCompile>
  </ItemGroup>
  <ItemGroup>
    <ClInclude Include="Utility\Graphics.h">
      <Filter>ヘッダー ファイル\Utility</Filter>
    </ClInclude>
    <ClInclude Include="Utility\Line.h">
      <Filter>ヘッダー ファイル\Utility</Filter>
    </ClInclude>
    <ClInclude Include="Utility\Rectangle.h">
      <Filter>ヘッダー ファイル\Utility</Filter>
    </ClInclude>
    <ClInclude Include="Utility\Vector2.h">
      <Filter>ヘッダー ファイル\Utility</Filter>
    </ClInclude>
    <ClInclude Include="Utility\Circle.h">
      <Filter>ヘッダー ファイル\Utility</Filter>
    </ClInclude>
    <ClInclude Include="Utility\Color.h">
      <Filter>ヘッダー ファイル\Utility</Filter>
    </ClInclude>
    <ClInclude Include="Application\Camera.h">
      <Filter>ヘッダー ファイル\Application</Filter>
    </ClInclude>
    <ClInclude Include="Application\GamePad.h">
      <Filter>ヘッダー ファイル\Application</Filter>
    </ClInclude>
    <ClInclude Include="Application\Application.h">
      <Filter>ヘッダー ファイル\Application</Filter>
    </ClInclude>
    <ClInclude Include="Game\Game.h">
      <Filter>ヘッダー ファイル\Game</Filter>
    </ClInclude>
    <ClInclude Include="Application\SoundBuffer.h">
      <Filter>ヘッダー ファイル\Application</Filter>
    </ClInclude>
    <ClInclude Include="Application\Texture.h">
      <Filter>ヘッダー ファイル\Application</Filter>
    </ClInclude>
    <ClInclude Include="Scene\SceneSelect.h">
      <Filter>ヘッダー ファイル\Scene</Filter>
    </ClInclude>
    <ClInclude Include="Scene\SceneTitle.h">
      <Filter>ヘッダー ファイル\Scene</Filter>
    </ClInclude>
    <ClInclude Include="Scene\Scene.h">
      <Filter>ヘッダー ファイル\Scene</Filter>
    </ClInclude>
    <ClInclude Include="Scene\SceneClear.h">
      <Filter>ヘッダー ファイル\Scene</Filter>
    </ClInclude>
    <ClInclude Include="Scene\SceneGame.h">
      <Filter>ヘッダー ファイル\Scene</Filter>
    </ClInclude>
    <ClInclude Include="Scene\SceneOver.h">
      <Filter>ヘッダー ファイル\Scene</Filter>
    </ClInclude>
    <ClInclude Include="Scene\SceneResult.h">
      <Filter>ヘッダー ファイル\Scene</Filter>
    </ClInclude>
    <ClInclude Include="Application\Helper.h">
      <Filter>ヘッダー ファイル\Application</Filter>
    </ClInclude>
    <ClInclude Include="Game\ResourceManager.h">
      <Filter>ヘッダー ファイル\Game</Filter>
    </ClInclude>
    <ClInclude Include="Stage\Stage.h">
      <Filter>ヘッダー ファイル\Stage</Filter>
    </ClInclude>
    <ClInclude Include="Stage\Stage1.h">
      <Filter>ヘッダー ファイル\Stage</Filter>
    </ClInclude>
    <ClInclude Include="Application\Animation.h">
      <Filter>ヘッダー ファイル\Application</Filter>
    </ClInclude>
    <ClInclude Include="Actor\Player.h">
      <Filter>ヘッダー ファイル\Actor</Filter>
    </ClInclude>
    <ClInclude Include="Actor\Actor.h">
      <Filter>ヘッダー ファイル\Actor</Filter>
    </ClInclude>
    <ClInclude Include="Bullet\Bullet.h">
      <Filter>ヘッダー ファイル\Bullet</Filter>
    </ClInclude>
    <ClInclude Include="Game\Object.h">
      <Filter>ヘッダー ファイル\Game</Filter>
    </ClInclude>
    <ClInclude Include="Bullet\BulletFactory.h">
      <Filter>ヘッダー ファイル\Bullet</Filter>
    </ClInclude>
    <ClInclude Include="Weapon\Weapon.h">
      <Filter>ヘッダー ファイル\Weapon</Filter>
    </ClInclude>
    <ClInclude Include="Bullet\Bomb.h">
      <Filter>ヘッダー ファイル\Bullet</Filter>
    </ClInclude>
    <ClInclude Include="Weapon\NormalGun.h">
      <Filter>ヘッダー ファイル\Weapon</Filter>
    </ClInclude>
    <ClInclude Include="Event\EventListener.h">
      <Filter>ヘッダー ファイル\Event</Filter>
    </ClInclude>
    <ClInclude Include="Event\EventMessenger.h">
      <Filter>ヘッダー ファイル\Event</Filter>
    </ClInclude>
    <ClInclude Include="Event\Event.h">
      <Filter>ヘッダー ファイル\Event</Filter>
    </ClInclude>
    <ClInclude Include="Bullet\BulletManager.h">
      <Filter>ヘッダー ファイル\Bullet</Filter>
    </ClInclude>
    <ClInclude Include="Game\SoundManager.h">
      <Filter>ヘッダー ファイル\Game</Filter>
    </ClInclude>
    <ClInclude Include="ActorState\ActorState.h">
      <Filter>ヘッダー ファイル\ActorState</Filter>
    </ClInclude>
    <ClInclude Include="ActorState\Motion.h">
      <Filter>ヘッダー ファイル\ActorState</Filter>
    </ClInclude>
    <ClInclude Include="Effect\Effect.h">
      <Filter>ヘッダー ファイル\Effect</Filter>
    </ClInclude>
    <ClInclude Include="Effect\EffectManager.h">
      <Filter>ヘッダー ファイル\Effect</Filter>
    </ClInclude>
    <ClInclude Include="Weapon\CircleGun.h">
      <Filter>ヘッダー ファイル\Weapon</Filter>
    </ClInclude>
    <ClInclude Include="Weapon\ThreeWayGun.h">
      <Filter>ヘッダー ファイル\Weapon</Filter>
    </ClInclude>
    <ClInclude Include="Weapon\RandomGun.h">
      <Filter>ヘッダー ファイル\Weapon</Filter>
    </ClInclude>
    <ClInclude Include="Weapon\Mine.h">
      <Filter>ヘッダー ファイル\Weapon</Filter>
    </ClInclude>
    <ClInclude Include="ActorState\WeaponEnergy.h">
      <Filter>ヘッダー ファイル\ActorState</Filter>
    </ClInclude>
    <ClInclude Include="ActorState\HitPoint.h">
      <Filter>ヘッダー ファイル\ActorState</Filter>
    </ClInclude>
    <ClInclude Include="Bullet\Beam.h">
      <Filter>ヘッダー ファイル\Bullet</Filter>
    </ClInclude>
    <ClInclude Include="Game\SystemSound.h">
      <Filter>ヘッダー ファイル\Game</Filter>
    </ClInclude>
    <ClInclude Include="Select\CharaSelect.h">
      <Filter>ヘッダー ファイル\Select</Filter>
    </ClInclude>
    <ClInclude Include="Select\SelectLogo.h">
      <Filter>ヘッダー ファイル\Select</Filter>
    </ClInclude>
    <ClInclude Include="Select\StageSelect.h">
      <Filter>ヘッダー ファイル\Select</Filter>
    </ClInclude>
    <ClInclude Include="Select\SelectCursor.h">
      <Filter>ヘッダー ファイル\Select</Filter>
    </ClInclude>
    <ClInclude Include="Select\Icon.h">
      <Filter>ヘッダー ファイル\Select</Filter>
    </ClInclude>
    <ClInclude Include="Game\GameStart.h">
      <Filter>ヘッダー ファイル\Game</Filter>
    </ClInclude>
    <ClInclude Include="Bullet\HomingBullet.h">
      <Filter>ヘッダー ファイル\Bullet</Filter>
    </ClInclude>
    <ClInclude Include="Bullet\ThroughBullet.h">
      <Filter>ヘッダー ファイル\Bullet</Filter>
    </ClInclude>
    <ClInclude Include="Bullet\Boomerang.h">
      <Filter>ヘッダー ファイル\Bullet</Filter>
    </ClInclude>
    <ClInclude Include="Actor\PlayerWhite.h">
      <Filter>ヘッダー ファイル\Actor</Filter>
    </ClInclude>
    <ClInclude Include="Actor\PlayerBlue.h">
      <Filter>ヘッダー ファイル\Actor</Filter>
    </ClInclude>
    <ClInclude Include="Actor\PlayerPurple.h">
      <Filter>ヘッダー ファイル\Actor</Filter>
    </ClInclude>
    <ClInclude Include="Actor\PlayerBlack.h">
      <Filter>ヘッダー ファイル\Actor</Filter>
    </ClInclude>
    <ClInclude Include="Actor\Enemy.h">
      <Filter>ヘッダー ファイル\Actor\Enemy</Filter>
    </ClInclude>
    <ClInclude Include="Actor\EnemyCrown.h">
      <Filter>ヘッダー ファイル\Actor\Enemy</Filter>
    </ClInclude>
    <ClInclude Include="Actor\EnemyFactory.h">
      <Filter>ヘッダー ファイル\Actor\Enemy</Filter>
    </ClInclude>
    <ClInclude Include="Actor\EnemyYellowHat.h">
      <Filter>ヘッダー ファイル\Actor\Enemy</Filter>
    </ClInclude>
    <ClInclude Include="Actor\EnemyPurpleHat.h">
      <Filter>ヘッダー ファイル\Actor\Enemy</Filter>
    </ClInclude>
    <ClInclude Include="Actor\EnemyBlueHat.h">
      <Filter>ヘッダー ファイル\Actor\Enemy</Filter>
    </ClInclude>
    <ClInclude Include="Actor\EnemyBlackHat.h">
      <Filter>ヘッダー ファイル\Actor\Enemy</Filter>
    </ClInclude>
    <ClInclude Include="Game\Score.h">
      <Filter>ヘッダー ファイル\Game</Filter>
    </ClInclude>
    <ClInclude Include="Scene\SceneLoad.h">
      <Filter>ヘッダー ファイル\Scene</Filter>
    </ClInclude>
    <ClInclude Include="Actor\EnemySkeleton.h">
      <Filter>ヘッダー ファイル\Actor\Enemy</Filter>
    </ClInclude>
  </ItemGroup>
</Project>